
Microsoft Visual Studio Solution File, Format Version 12.00
# Visual Studio Version 16
VisualStudioVersion = 16.0.32126.315
MinimumVisualStudioVersion = 10.0.40219.1
Project("{FAE04EC0-301F-11D3-BF4B-00C04F79EFBC}") = "Lab6_Basic_Command", "Lab6_Basic_Command\Lab6_Basic_Command.csproj", "{1D66DABC-8FBA-4122-B0A4-137A9AE3192E}"
EndProject
Global
	GlobalSection(SolutionConfigurationPlatforms) = preSolution
		Debug|Any CPU = Debug|Any CPU
		Release|Any CPU = Release|Any CPU
	EndGlobalSection
	GlobalSection(ProjectConfigurationPlatforms) = postSolution
		{1D66DABC-8FBA-4122-B0A4-137A9AE3192E}.Debug|Any CPU.ActiveCfg = Debug|Any CPU
		{1D66DABC-8FBA-4122-B0A4-137A9AE3192E}.Debug|Any CPU.Build.0 = Debug|Any CPU
		{1D66DABC-8FBA-4122-B0A4-137A9AE3192E}.Release|Any CPU.ActiveCfg = Release|Any CPU
		{1D66DABC-8FBA-4122-B0A4-137A9AE3192E}.Release|Any CPU.Build.0 = Release|Any CPU
	EndGlobalSection
	GlobalSection(SolutionProperties) = preSolution
		HideSolutionNode = FALSE
	EndGlobalSection
	GlobalSection(ExtensibilityGlobals) = postSolution
		SolutionGuid = {9638EA1B-C2CA-42DB-B5E7-1E83E62D530C}
	EndGlobalSection
EndGlobal
